
Microsoft Visual Studio Solution File, Format Version 12.00
# Visual Studio Version 17
VisualStudioVersion = 17.3.32825.248
MinimumVisualStudioVersion = 10.0.40219.1
Project("{8BC9CEB8-8B4A-11D0-8D11-00A0C91BC942}") = "Lab_10_SAPD", "Lab_10_SAPD\Lab_10_SAPD.vcxproj", "{830D89FE-937C-4C67-9851-0FE7ADF99ABF}"
EndProject
Global
	GlobalSection(SolutionConfigurationPlatforms) = preSolution
		Debug|x64 = Debug|x64
		Debug|x86 = Debug|x86
		Release|x64 = Release|x64
		Release|x86 = Release|x86
	EndGlobalSection
	GlobalSection(ProjectConfigurationPlatforms) = postSolution
		{830D89FE-937C-4C67-9851-0FE7ADF99ABF}.Debug|x64.ActiveCfg = Debug|x64
		{830D89FE-937C-4C67-9851-0FE7ADF99ABF}.Debug|x64.Build.0 = Debug|x64
		{830D89FE-937C-4C67-9851-0FE7ADF99ABF}.Debug|x86.ActiveCfg = Debug|Win32
		{830D89FE-937C-4C67-9851-0FE7ADF99ABF}.Debug|x86.Build.0 = Debug|Win32
		{830D89FE-937C-4C67-9851-0FE7ADF99ABF}.Release|x64.ActiveCfg = Release|x64
		{830D89FE-937C-4C67-9851-0FE7ADF99ABF}.Release|x64.Build.0 = Release|x64
		{830D89FE-937C-4C67-9851-0FE7ADF99ABF}.Release|x86.ActiveCfg = Release|Win32
		{830D89FE-937C-4C67-9851-0FE7ADF99ABF}.Release|x86.Build.0 = Release|Win32
	EndGlobalSection
	GlobalSection(SolutionProperties) = preSolution
		HideSolutionNode = FALSE
	EndGlobalSection
	GlobalSection(ExtensibilityGlobals) = postSolution
		SolutionGuid = {7B4C0227-EA7E-4992-8868-0DE9AACD24CD}
	EndGlobalSection
EndGlobal
